
Microsoft Visual Studio Solution File, Format Version 12.00
# Visual Studio Version 17
VisualStudioVersion = 17.14.36401.2 d17.14
MinimumVisualStudioVersion = 10.0.40219.1
Project("{FAE04EC0-301F-11D3-BF4B-00C04F79EFBC}") = "API_Post", "API_Post\API_Post.csproj", "{A8DC6606-1CFD-411A-A926-E3665CF98BA9}"
EndProject
Global
	GlobalSection(SolutionConfigurationPlatforms) = preSolution
		Debug|Any CPU = Debug|Any CPU
		Release|Any CPU = Release|Any CPU
	EndGlobalSection
	GlobalSection(ProjectConfigurationPlatforms) = postSolution
		{A8DC6606-1CFD-411A-A926-E3665CF98BA9}.Debug|Any CPU.ActiveCfg = Debug|Any CPU
		{A8DC6606-1CFD-411A-A926-E3665CF98BA9}.Debug|Any CPU.Build.0 = Debug|Any CPU
		{A8DC6606-1CFD-411A-A926-E3665CF98BA9}.Release|Any CPU.ActiveCfg = Release|Any CPU
		{A8DC6606-1CFD-411A-A926-E3665CF98BA9}.Release|Any CPU.Build.0 = Release|Any CPU
	EndGlobalSection
	GlobalSection(SolutionProperties) = preSolution
		HideSolutionNode = FALSE
	EndGlobalSection
	GlobalSection(ExtensibilityGlobals) = postSolution
		SolutionGuid = {9ECA824C-3937-4606-8244-E05CCC868600}
	EndGlobalSection
EndGlobal
